
Microsoft Visual Studio Solution File, Format Version 12.00
# Visual Studio Version 16
VisualStudioVersion = 16.0.31205.134
MinimumVisualStudioVersion = 10.0.40219.1
Project("{FAE04EC0-301F-11D3-BF4B-00C04F79EFBC}") = "sticpro", "sticpro\sticpro.csproj", "{5CA746E1-AA73-413D-B909-A586ABF129FD}"
EndProject
Global
	GlobalSection(SolutionConfigurationPlatforms) = preSolution
		Debug|Any CPU = Debug|Any CPU
		Release|Any CPU = Release|Any CPU
	EndGlobalSection
	GlobalSection(ProjectConfigurationPlatforms) = postSolution
		{5CA746E1-AA73-413D-B909-A586ABF129FD}.Debug|Any CPU.ActiveCfg = Debug|Any CPU
		{5CA746E1-AA73-413D-B909-A586ABF129FD}.Debug|Any CPU.Build.0 = Debug|Any CPU
		{5CA746E1-AA73-413D-B909-A586ABF129FD}.Release|Any CPU.ActiveCfg = Release|Any CPU
		{5CA746E1-AA73-413D-B909-A586ABF129FD}.Release|Any CPU.Build.0 = Release|Any CPU
	EndGlobalSection
	GlobalSection(SolutionProperties) = preSolution
		HideSolutionNode = FALSE
	EndGlobalSection
	GlobalSection(ExtensibilityGlobals) = postSolution
		SolutionGuid = {CD780054-463A-4F99-8231-DEEE7057435F}
	EndGlobalSection
EndGlobal
